// !$*UTF8*$!
{
	archiveVersion = 1;
	classes = {
	};
	objectVersion = 55;
	objects = {

/* Begin PBXBuildFile section */
		44FD28322796CE33008E2F67 /* AppDelegate.swift in Sources */ = {isa = PBXBuildFile; fileRef = 44FD28312796CE33008E2F67 /* AppDelegate.swift */; };
		44FD28342796CE33008E2F67 /* SceneDelegate.swift in Sources */ = {isa = PBXBuildFile; fileRef = 44FD28332796CE33008E2F67 /* SceneDelegate.swift */; };
		44FD28362796CE33008E2F67 /* ViewController.swift in Sources */ = {isa = PBXBuildFile; fileRef = 44FD28352796CE33008E2F67 /* ViewController.swift */; };
		44FD28392796CE33008E2F67 /* Main.storyboard in Resources */ = {isa = PBXBuildFile; fileRef = 44FD28372796CE33008E2F67 /* Main.storyboard */; };
		44FD283B2796CE37008E2F67 /* Assets.xcassets in Resources */ = {isa = PBXBuildFile; fileRef = 44FD283A2796CE37008E2F67 /* Assets.xcassets */; };
		44FD283E2796CE37008E2F67 /* LaunchScreen.storyboard in Resources */ = {isa = PBXBuildFile; fileRef = 44FD283C2796CE37008E2F67 /* LaunchScreen.storyboard */; };
		44FD28492796CE38008E2F67 /* NexarLocationTestTests.swift in Sources */ = {isa = PBXBuildFile; fileRef = 44FD28482796CE38008E2F67 /* NexarLocationTestTests.swift */; };
		44FD28532796CE38008E2F67 /* NexarLocationTestUITests.swift in Sources */ = {isa = PBXBuildFile; fileRef = 44FD28522796CE38008E2F67 /* NexarLocationTestUITests.swift */; };
		44FD28552796CE38008E2F67 /* NexarLocationTestUITestsLaunchTests.swift in Sources */ = {isa = PBXBuildFile; fileRef = 44FD28542796CE38008E2F67 /* NexarLocationTestUITestsLaunchTests.swift */; };
/* End PBXBuildFile section */

/* Begin PBXContainerItemProxy section */
		44FD28452796CE38008E2F67 /* PBXContainerItemProxy */ = {
			isa = PBXContainerItemProxy;
			containerPortal = 44FD28262796CE33008E2F67 /* Project object */;
			proxyType = 1;
			remoteGlobalIDString = 44FD282D2796CE33008E2F67;
			remoteInfo = NexarLocationTest;
		};
		44FD284F2796CE38008E2F67 /* PBXContainerItemProxy */ = {
			isa = PBXContainerItemProxy;
			containerPortal = 44FD28262796CE33008E2F67 /* Project object */;
			proxyType = 1;
			remoteGlobalIDString = 44FD282D2796CE33008E2F67;
			remoteInfo = NexarLocationTest;
		};
/* End PBXContainerItemProxy section */

/* Begin PBXFileReference section */
		44FD282E2796CE33008E2F67 /* NexarLocationTest.app */ = {isa = PBXFileReference; explicitFileType = wrapper.application; includeInIndex = 0; path = NexarLocationTest.app; sourceTree = BUILT_PRODUCTS_DIR; };
		44FD28312796CE33008E2F67 /* AppDelegate.swift */ = {isa = PBXFileReference; lastKnownFileType = sourcecode.swift; path = AppDelegate.swift; sourceTree = "<group>"; };
		44FD28332796CE33008E2F67 /* SceneDelegate.swift */ = {isa = PBXFileReference; lastKnownFileType = sourcecode.swift; path = SceneDelegate.swift; sourceTree = "<group>"; };
		44FD28352796CE33008E2F67 /* ViewController.swift */ = {isa = PBXFileReference; lastKnownFileType = sourcecode.swift; path = ViewController.swift; sourceTree = "<group>"; };
		44FD28382796CE33008E2F67 /* Base */ = {isa = PBXFileReference; lastKnownFileType = file.storyboard; name = Base; path = Base.lproj/Main.storyboard; sourceTree = "<group>"; };
		44FD283A2796CE37008E2F67 /* Assets.xcassets */ = {isa = PBXFileReference; lastKnownFileType = folder.assetcatalog; path = Assets.xcassets; sourceTree = "<group>"; };
		44FD283D2796CE37008E2F67 /* Base */ = {isa = PBXFileReference; lastKnownFileType = file.storyboard; name = Base; path = Base.lproj/LaunchScreen.storyboard; sourceTree = "<group>"; };
		44FD283F2796CE37008E2F67 /* Info.plist */ = {isa = PBXFileReference; lastKnownFileType = text.plist.xml; path = Info.plist; sourceTree = "<group>"; };
		44FD28442796CE38008E2F67 /* NexarLocationTestTests.xctest */ = {isa = PBXFileReference; explicitFileType = wrapper.cfbundle; includeInIndex = 0; path = NexarLocationTestTests.xctest; sourceTree = BUILT_PRODUCTS_DIR; };
		44FD28482796CE38008E2F67 /* NexarLocationTestTests.swift */ = {isa = PBXFileReference; lastKnownFileType = sourcecode.swift; path = NexarLocationTestTests.swift; sourceTree = "<group>"; };
		44FD284E2796CE38008E2F67 /* NexarLocationTestUITests.xctest */ = {isa = PBXFileReference; explicitFileType = wrapper.cfbundle; includeInIndex = 0; path = NexarLocationTestUITests.xctest; sourceTree = BUILT_PRODUCTS_DIR; };
		44FD28522796CE38008E2F67 /* NexarLocationTestUITests.swift */ = {isa = PBXFileReference; lastKnownFileType = sourcecode.swift; path = NexarLocationTestUITests.swift; sourceTree = "<group>"; };
		44FD28542796CE38008E2F67 /* NexarLocationTestUITestsLaunchTests.swift */ = {isa = PBXFileReference; lastKnownFileType = sourcecode.swift; path = NexarLocationTestUITestsLaunchTests.swift; sourceTree = "<group>"; };
/* End PBXFileReference section */

/* Begin PBXFrameworksBuildPhase section */
		44FD282B2796CE33008E2F67 /* Frameworks */ = {
			isa = PBXFrameworksBuildPhase;
			buildActionMask = 2147483647;
			files = (
			);
			runOnlyForDeploymentPostprocessing = 0;
		};
		44FD28412796CE38008E2F67 /* Frameworks */ = {
			isa = PBXFrameworksBuildPhase;
			buildActionMask = 2147483647;
			files = (
			);
			runOnlyForDeploymentPostprocessing = 0;
		};
		44FD284B2796CE38008E2F67 /* Frameworks */ = {
			isa = PBXFrameworksBuildPhase;
			buildActionMask = 2147483647;
			files = (
			);
			runOnlyForDeploymentPostprocessing = 0;
		};
/* End PBXFrameworksBuildPhase section */

/* Begin PBXGroup section */
		44FD28252796CE33008E2F67 = {
			isa = PBXGroup;
			children = (
				44FD28302796CE33008E2F67 /* NexarLocationTest */,
				44FD28472796CE38008E2F67 /* NexarLocationTestTests */,
				44FD28512796CE38008E2F67 /* NexarLocationTestUITests */,
				44FD282F2796CE33008E2F67 /* Products */,
			);
			sourceTree = "<group>";
		};
		44FD282F2796CE33008E2F67 /* Products */ = {
			isa = PBXGroup;
			children = (
				44FD282E2796CE33008E2F67 /* NexarLocationTest.app */,
				44FD28442796CE38008E2F67 /* NexarLocationTestTests.xctest */,
				44FD284E2796CE38008E2F67 /* NexarLocationTestUITests.xctest */,
			);
			name = Products;
			sourceTree = "<group>";
		};
		44FD28302796CE33008E2F67 /* NexarLocationTest */ = {
			isa = PBXGroup;
			children = (
				44FD28312796CE33008E2F67 /* AppDelegate.swift */,
				44FD28332796CE33008E2F67 /* SceneDelegate.swift */,
				44FD28352796CE33008E2F67 /* ViewController.swift */,
				44FD28372796CE33008E2F67 /* Main.storyboard */,
				44FD283A2796CE37008E2F67 /* Assets.xcassets */,
				44FD283C2796CE37008E2F67 /* LaunchScreen.storyboard */,
				44FD283F2796CE37008E2F67 /* Info.plist */,
			);
			path = NexarLocationTest;
			sourceTree = "<group>";
		};
		44FD28472796CE38008E2F67 /* NexarLocationTestTests */ = {
			isa = PBXGroup;
			children = (
				44FD28482796CE38008E2F67 /* NexarLocationTestTests.swift */,
			);
			path = NexarLocationTestTests;
			sourceTree = "<group>";
		};
		44FD28512796CE38008E2F67 /* NexarLocationTestUITests */ = {
			isa = PBXGroup;
			children = (
				44FD28522796CE38008E2F67 /* NexarLocationTestUITests.swift */,
				44FD28542796CE38008E2F67 /* NexarLocationTestUITestsLaunchTests.swift */,
			);
			path = NexarLocationTestUITests;
			sourceTree = "<group>";
		};
/* End PBXGroup section */

/* Begin PBXNativeTarget section */
		44FD282D2796CE33008E2F67 /* NexarLocationTest */ = {
			isa = PBXNativeTarget;
			buildConfigurationList = 44FD28582796CE38008E2F67 /* Build configuration list for PBXNativeTarget "NexarLocationTest" */;
			buildPhases = (
				44FD282A2796CE33008E2F67 /* Sources */,
				44FD282B2796CE33008E2F67 /* Frameworks */,
				44FD282C2796CE33008E2F67 /* Resources */,
			);
			buildRules = (
			);
			dependencies = (
			);
			name = NexarLocationTest;
			productName = NexarLocationTest;
			productReference = 44FD282E2796CE33008E2F67 /* NexarLocationTest.app */;
			productType = "com.apple.product-type.application";
		};
		44FD28432796CE38008E2F67 /* NexarLocationTestTests */ = {
			isa = PBXNativeTarget;
			buildConfigurationList = 44FD285B2796CE38008E2F67 /* Build configuration list for PBXNativeTarget "NexarLocationTestTests" */;
			buildPhases = (
				44FD28402796CE38008E2F67 /* Sources */,
				44FD28412796CE38008E2F67 /* Frameworks */,
				44FD28422796CE38008E2F67 /* Resources */,
			);
			buildRules = (
			);
			dependencies = (
				44FD28462796CE38008E2F67 /* PBXTargetDependency */,
			);
			name = NexarLocationTestTests;
			productName = NexarLocationTestTests;
			productReference = 44FD28442796CE38008E2F67 /* NexarLocationTestTests.xctest */;
			productType = "com.apple.product-type.bundle.unit-test";
		};
		44FD284D2796CE38008E2F67 /* NexarLocationTestUITests */ = {
			isa = PBXNativeTarget;
			buildConfigurationList = 44FD285E2796CE38008E2F67 /* Build configuration list for PBXNativeTarget "NexarLocationTestUITests" */;
			buildPhases = (
				44FD284A2796CE38008E2F67 /* Sources */,
				44FD284B2796CE38008E2F67 /* Frameworks */,
				44FD284C2796CE38008E2F67 /* Resources */,
			);
			buildRules = (
			);
			dependencies = (
				44FD28502796CE38008E2F67 /* PBXTargetDependency */,
			);
			name = NexarLocationTestUITests;
			productName = NexarLocationTestUITests;
			productReference = 44FD284E2796CE38008E2F67 /* NexarLocationTestUITests.xctest */;
			productType = "com.apple.product-type.bundle.ui-testing";
		};
/* End PBXNativeTarget section */

/* Begin PBXProject section */
		44FD28262796CE33008E2F67 /* Project object */ = {
			isa = PBXProject;
			attributes = {
				BuildIndependentTargetsInParallel = 1;
				LastSwiftUpdateCheck = 1310;
				LastUpgradeCheck = 1310;
				TargetAttributes = {
					44FD282D2796CE33008E2F67 = {
						CreatedOnToolsVersion = 13.1;
					};
					44FD28432796CE38008E2F67 = {
						CreatedOnToolsVersion = 13.1;
						TestTargetID = 44FD282D2796CE33008E2F67;
					};
					44FD284D2796CE38008E2F67 = {
						CreatedOnToolsVersion = 13.1;
						TestTargetID = 44FD282D2796CE33008E2F67;
					};
				};
			};
			buildConfigurationList = 44FD28292796CE33008E2F67 /* Build configuration list for PBXProject "NexarLocationTest" */;
			compatibilityVersion = "Xcode 13.0";
			developmentRegion = en;
			hasScannedForEncodings = 0;
			knownRegions = (
				en,
				Base,
			);
			mainGroup = 44FD28252796CE33008E2F67;
			productRefGroup = 44FD282F2796CE33008E2F67 /* Products */;
			projectDirPath = "";
			projectRoot = "";
			targets = (
				44FD282D2796CE33008E2F67 /* NexarLocationTest */,
				44FD28432796CE38008E2F67 /* NexarLocationTestTests */,
				44FD284D2796CE38008E2F67 /* NexarLocationTestUITests */,
			);
		};
/* End PBXProject section */

/* Begin PBXResourcesBuildPhase section */
		44FD282C2796CE33008E2F67 /* Resources */ = {
			isa = PBXResourcesBuildPhase;
			buildActionMask = 2147483647;
			files = (
				44FD283E2796CE37008E2F67 /* LaunchScreen.storyboard in Resources */,
				44FD283B2796CE37008E2F67 /* Assets.xcassets in Resources */,
				44FD28392796CE33008E2F67 /* Main.storyboard in Resources */,
			);
			runOnlyForDeploymentPostprocessing = 0;
		};
		44FD28422796CE38008E2F67 /* Resources */ = {
			isa = PBXResourcesBuildPhase;
			buildActionMask = 2147483647;
			files = (
			);
			runOnlyForDeploymentPostprocessing = 0;
		};
		44FD284C2796CE38008E2F67 /* Resources */ = {
			isa = PBXResourcesBuildPhase;
			buildActionMask = 2147483647;
			files = (
			);
			runOnlyForDeploymentPostprocessing = 0;
		};
/* End PBXResourcesBuildPhase section */

/* Begin PBXSourcesBuildPhase section */
		44FD282A2796CE33008E2F67 /* Sources */ = {
			isa = PBXSourcesBuildPhase;
			buildActionMask = 2147483647;
			files = (
				44FD28362796CE33008E2F67 /* ViewController.swift in Sources */,
				44FD28322796CE33008E2F67 /* AppDelegate.swift in Sources */,
				44FD28342796CE33008E2F67 /* SceneDelegate.swift in Sources */,
			);
			runOnlyForDeploymentPostprocessing = 0;
		};
		44FD28402796CE38008E2F67 /* Sources */ = {
			isa = PBXSourcesBuildPhase;
			buildActionMask = 2147483647;
			files = (
				44FD28492796CE38008E2F67 /* NexarLocationTestTests.swift in Sources */,
			);
			runOnlyForDeploymentPostprocessing = 0;
		};
		44FD284A2796CE38008E2F67 /* Sources */ = {
			isa = PBXSourcesBuildPhase;
			buildActionMask = 2147483647;
			files = (
				44FD28552796CE38008E2F67 /* NexarLocationTestUITestsLaunchTests.swift in Sources */,
				44FD28532796CE38008E2F67 /* NexarLocationTestUITests.swift in Sources */,
			);
			runOnlyForDeploymentPostprocessing = 0;
		};
/* End PBXSourcesBuildPhase section */

/* Begin PBXTargetDependency section */
		44FD28462796CE38008E2F67 /* PBXTargetDependency */ = {
			isa = PBXTargetDependency;
			target = 44FD282D2796CE33008E2F67 /* NexarLocationTest */;
			targetProxy = 44FD28452796CE38008E2F67 /* PBXContainerItemProxy */;
		};
		44FD28502796CE38008E2F67 /* PBXTargetDependency */ = {
			isa = PBXTargetDependency;
			target = 44FD282D2796CE33008E2F67 /* NexarLocationTest */;
			targetProxy = 44FD284F2796CE38008E2F67 /* PBXContainerItemProxy */;
		};
/* End PBXTargetDependency section */

/* Begin PBXVariantGroup section */
		44FD28372796CE33008E2F67 /* Main.storyboard */ = {
			isa = PBXVariantGroup;
			children = (
				44FD28382796CE33008E2F67 /* Base */,
			);
			name = Main.storyboard;
			sourceTree = "<group>";
		};
		44FD283C2796CE37008E2F67 /* LaunchScreen.storyboard */ = {
			isa = PBXVariantGroup;
			children = (
				44FD283D2796CE37008E2F67 /* Base */,
			);
			name = LaunchScreen.storyboard;
			sourceTree = "<group>";
		};
/* End PBXVariantGroup section */

/* Begin XCBuildConfiguration section */
		44FD28562796CE38008E2F67 /* Debug */ = {
			isa = XCBuildConfiguration;
			buildSettings = {
				ALWAYS_SEARCH_USER_PATHS = NO;
				CLANG_ANALYZER_NONNULL = YES;
				CLANG_ANALYZER_NUMBER_OBJECT_CONVERSION = YES_AGGRESSIVE;
				CLANG_CXX_LANGUAGE_STANDARD = "gnu++17";
				CLANG_CXX_LIBRARY = "libc++";
				CLANG_ENABLE_MODULES = YES;
				CLANG_ENABLE_OBJC_ARC = YES;
				CLANG_ENABLE_OBJC_WEAK = YES;
				CLANG_WARN_BLOCK_CAPTURE_AUTORELEASING = YES;
				CLANG_WARN_BOOL_CONVERSION = YES;
				CLANG_WARN_COMMA = YES;
				CLANG_WARN_CONSTANT_CONVERSION = YES;
				CLANG_WARN_DEPRECATED_OBJC_IMPLEMENTATIONS = YES;
				CLANG_WARN_DIRECT_OBJC_ISA_USAGE = YES_ERROR;
				CLANG_WARN_DOCUMENTATION_COMMENTS = YES;
				CLANG_WARN_EMPTY_BODY = YES;
				CLANG_WARN_ENUM_CONVERSION = YES;
				CLANG_WARN_INFINITE_RECURSION = YES;
				CLANG_WARN_INT_CONVERSION = YES;
				CLANG_WARN_NON_LITERAL_NULL_CONVERSION = YES;
				CLANG_WARN_OBJC_IMPLICIT_RETAIN_SELF = YES;
				CLANG_WARN_OBJC_LITERAL_CONVERSION = YES;
				CLANG_WARN_OBJC_ROOT_CLASS = YES_ERROR;
				CLANG_WARN_QUOTED_INCLUDE_IN_FRAMEWORK_HEADER = YES;
				CLANG_WARN_RANGE_LOOP_ANALYSIS = YES;
				CLANG_WARN_STRICT_PROTOTYPES = YES;
				CLANG_WARN_SUSPICIOUS_MOVE = YES;
				CLANG_WARN_UNGUARDED_AVAILABILITY = YES_AGGRESSIVE;
				CLANG_WARN_UNREACHABLE_CODE = YES;
				CLANG_WARN__DUPLICATE_METHOD_MATCH = YES;
				COPY_PHASE_STRIP = NO;
				DEBUG_INFORMATION_FORMAT = dwarf;
				ENABLE_STRICT_OBJC_MSGSEND = YES;
				ENABLE_TESTABILITY = YES;
				GCC_C_LANGUAGE_STANDARD = gnu11;
				GCC_DYNAMIC_NO_PIC = NO;
				GCC_NO_COMMON_BLOCKS = YES;
				GCC_OPTIMIZATION_LEVEL = 0;
				GCC_PREPROCESSOR_DEFINITIONS = (
					"DEBUG=1",
					"$(inherited)",
				);
				GCC_WARN_64_TO_32_BIT_CONVERSION = YES;
				GCC_WARN_ABOUT_RETURN_TYPE = YES_ERROR;
				GCC_WARN_UNDECLARED_SELECTOR = YES;
				GCC_WARN_UNINITIALIZED_AUTOS = YES_AGGRESSIVE;
				GCC_WARN_UNUSED_FUNCTION = YES;
				GCC_WARN_UNUSED_VARIABLE = YES;
				IPHONEOS_DEPLOYMENT_TARGET = 15.0;
				MTL_ENABLE_DEBUG_INFO = INCLUDE_SOURCE;
				MTL_FAST_MATH = YES;
				ONLY_ACTIVE_ARCH = YES;
				SDKROOT = iphoneos;
				SWIFT_ACTIVE_COMPILATION_CONDITIONS = DEBUG;
				SWIFT_OPTIMIZATION_LEVEL = "-Onone";
			};
			name = Debug;
		};
		44FD28572796CE38008E2F67 /* Release */ = {
			isa = XCBuildConfiguration;
			buildSettings = {
				ALWAYS_SEARCH_USER_PATHS = NO;
				CLANG_ANALYZER_NONNULL = YES;
				CLANG_ANALYZER_NUMBER_OBJECT_CONVERSION = YES_AGGRESSIVE;
				CLANG_CXX_LANGUAGE_STANDARD = "gnu++17";
				CLANG_CXX_LIBRARY = "libc++";
				CLANG_ENABLE_MODULES = YES;
				CLANG_ENABLE_OBJC_ARC = YES;
				CLANG_ENABLE_OBJC_WEAK = YES;
				CLANG_WARN_BLOCK_CAPTURE_AUTORELEASING = YES;
				CLANG_WARN_BOOL_CONVERSION = YES;
				CLANG_WARN_COMMA = YES;
				CLANG_WARN_CONSTANT_CONVERSION = YES;
				CLANG_WARN_DEPRECATED_OBJC_IMPLEMENTATIONS = YES;
				CLANG_WARN_DIRECT_OBJC_ISA_USAGE = YES_ERROR;
				CLANG_WARN_DOCUMENTATION_COMMENTS = YES;
				CLANG_WARN_EMPTY_BODY = YES;
				CLANG_WARN_ENUM_CONVERSION = YES;
				CLANG_WARN_INFINITE_RECURSION = YES;
				CLANG_WARN_INT_CONVERSION = YES;
				CLANG_WARN_NON_LITERAL_NULL_CONVERSION = YES;
				CLANG_WARN_OBJC_IMPLICIT_RETAIN_SELF = YES;
				CLANG_WARN_OBJC_LITERAL_CONVERSION = YES;
				CLANG_WARN_OBJC_ROOT_CLASS = YES_ERROR;
				CLANG_WARN_QUOTED_INCLUDE_IN_FRAMEWORK_HEADER = YES;
				CLANG_WARN_RANGE_LOOP_ANALYSIS = YES;
				CLANG_WARN_STRICT_PROTOTYPES = YES;
				CLANG_WARN_SUSPICIOUS_MOVE = YES;
				CLANG_WARN_UNGUARDED_AVAILABILITY = YES_AGGRESSIVE;
				CLANG_WARN_UNREACHABLE_CODE = YES;
				CLANG_WARN__DUPLICATE_METHOD_MATCH = YES;
				COPY_PHASE_STRIP = NO;
				DEBUG_INFORMATION_FORMAT = "dwarf-with-dsym";
				ENABLE_NS_ASSERTIONS = NO;
				ENABLE_STRICT_OBJC_MSGSEND = YES;
				GCC_C_LANGUAGE_STANDARD = gnu11;
				GCC_NO_COMMON_BLOCKS = YES;
				GCC_WARN_64_TO_32_BIT_CONVERSION = YES;
				GCC_WARN_ABOUT_RETURN_TYPE = YES_ERROR;
				GCC_WARN_UNDECLARED_SELECTOR = YES;
				GCC_WARN_UNINITIALIZED_AUTOS = YES_AGGRESSIVE;
				GCC_WARN_UNUSED_FUNCTION = YES;
				GCC_WARN_UNUSED_VARIABLE = YES;
				IPHONEOS_DEPLOYMENT_TARGET = 15.0;
				MTL_ENABLE_DEBUG_INFO = NO;
				MTL_FAST_MATH = YES;
				SDKROOT = iphoneos;
				SWIFT_COMPILATION_MODE = wholemodule;
				SWIFT_OPTIMIZATION_LEVEL = "-O";
				VALIDATE_PRODUCT = YES;
			};
			name = Release;
		};
		44FD28592796CE38008E2F67 /* Debug */ = {
			isa = XCBuildConfiguration;
			buildSettings = {
				ASSETCATALOG_COMPILER_APPICON_NAME = AppIcon;
				ASSETCATALOG_COMPILER_GLOBAL_ACCENT_COLOR_NAME = AccentColor;
				CODE_SIGN_STYLE = Automatic;
				CURRENT_PROJECT_VERSION = 1;
				DEVELOPMENT_TEAM = 6G6XD32457;
				GENERATE_INFOPLIST_FILE = YES;
				INFOPLIST_FILE = NexarLocationTest/Info.plist;
				INFOPLIST_KEY_UIApplicationSupportsIndirectInputEvents = YES;
				INFOPLIST_KEY_UILaunchStoryboardName = LaunchScreen;
				INFOPLIST_KEY_UIMainStoryboardFile = Main;
				INFOPLIST_KEY_UISupportedInterfaceOrientations_iPad = "UIInterfaceOrientationPortrait UIInterfaceOrientationPortraitUpsideDown UIInterfaceOrientationLandscapeLeft UIInterfaceOrientationLandscapeRight";
				INFOPLIST_KEY_UISupportedInterfaceOrientations_iPhone = "UIInterfaceOrientationPortrait UIInterfaceOrientationLandscapeLeft UIInterfaceOrientationLandscapeRight";
				LD_RUNPATH_SEARCH_PATHS = (
					"$(inherited)",
					"@executable_path/Frameworks",
				);
				MARKETING_VERSION = 1.0;
				PRODUCT_BUNDLE_IDENTIFIER = rst.com.NexarLocationTest;
				PRODUCT_NAME = "$(TARGET_NAME)";
				SWIFT_EMIT_LOC_STRINGS = YES;
				SWIFT_VERSION = 5.0;
				TARGETED_DEVICE_FAMILY = "1,2";
			};
			name = Debug;
		};
		44FD285A2796CE38008E2F67 /* Release */ = {
			isa = XCBuildConfiguration;
			buildSettings = {
				ASSETCATALOG_COMPILER_APPICON_NAME = AppIcon;
				ASSETCATALOG_COMPILER_GLOBAL_ACCENT_COLOR_NAME = AccentColor;
				CODE_SIGN_STYLE = Automatic;
				CURRENT_PROJECT_VERSION = 1;
				DEVELOPMENT_TEAM = 6G6XD32457;
				GENERATE_INFOPLIST_FILE = YES;
				INFOPLIST_FILE = NexarLocationTest/Info.plist;
				INFOPLIST_KEY_UIApplicationSupportsIndirectInputEvents = YES;
				INFOPLIST_KEY_UILaunchStoryboardName = LaunchScreen;
				INFOPLIST_KEY_UIMainStoryboardFile = Main;
				INFOPLIST_KEY_UISupportedInterfaceOrientations_iPad = "UIInterfaceOrientationPortrait UIInterfaceOrientationPortraitUpsideDown UIInterfaceOrientationLandscapeLeft UIInterfaceOrientationLandscapeRight";
				INFOPLIST_KEY_UISupportedInterfaceOrientations_iPhone = "UIInterfaceOrientationPortrait UIInterfaceOrientationLandscapeLeft UIInterfaceOrientationLandscapeRight";
				LD_RUNPATH_SEARCH_PATHS = (
					"$(inherited)",
					"@executable_path/Frameworks",
				);
				MARKETING_VERSION = 1.0;
				PRODUCT_BUNDLE_IDENTIFIER = rst.com.NexarLocationTest;
				PRODUCT_NAME = "$(TARGET_NAME)";
				SWIFT_EMIT_LOC_STRINGS = YES;
				SWIFT_VERSION = 5.0;
				TARGETED_DEVICE_FAMILY = "1,2";
			};
			name = Release;
		};
		44FD285C2796CE38008E2F67 /* Debug */ = {
			isa = XCBuildConfiguration;
			buildSettings = {
				ALWAYS_EMBED_SWIFT_STANDARD_LIBRARIES = YES;
				BUNDLE_LOADER = "$(TEST_HOST)";
				CODE_SIGN_STYLE = Automatic;
				CURRENT_PROJECT_VERSION = 1;
				DEVELOPMENT_TEAM = 6G6XD32457;
				GENERATE_INFOPLIST_FILE = YES;
				IPHONEOS_DEPLOYMENT_TARGET = 15.0;
				LD_RUNPATH_SEARCH_PATHS = (
					"$(inherited)",
					"@executable_path/Frameworks",
					"@loader_path/Frameworks",
				);
				MARKETING_VERSION = 1.0;
				PRODUCT_BUNDLE_IDENTIFIER = rst.com.NexarLocationTestTests;
				PRODUCT_NAME = "$(TARGET_NAME)";
				SWIFT_EMIT_LOC_STRINGS = NO;
				SWIFT_VERSION = 5.0;
				TARGETED_DEVICE_FAMILY = "1,2";
				TEST_HOST = "$(BUILT_PRODUCTS_DIR)/NexarLocationTest.app/NexarLocationTest";
			};
			name = Debug;
		};
		44FD285D2796CE38008E2F67 /* Release */ = {
			isa = XCBuildConfiguration;
			buildSettings = {
				ALWAYS_EMBED_SWIFT_STANDARD_LIBRARIES = YES;
				BUNDLE_LOADER = "$(TEST_HOST)";
				CODE_SIGN_STYLE = Automatic;
				CURRENT_PROJECT_VERSION = 1;
				DEVELOPMENT_TEAM = 6G6XD32457;
				GENERATE_INFOPLIST_FILE = YES;
				IPHONEOS_DEPLOYMENT_TARGET = 15.0;
				LD_RUNPATH_SEARCH_PATHS = (
					"$(inherited)",
					"@executable_path/Frameworks",
					"@loader_path/Frameworks",
				);
				MARKETING_VERSION = 1.0;
				PRODUCT_BUNDLE_IDENTIFIER = rst.com.NexarLocationTestTests;
				PRODUCT_NAME = "$(TARGET_NAME)";
				SWIFT_EMIT_LOC_STRINGS = NO;
				SWIFT_VERSION = 5.0;
				TARGETED_DEVICE_FAMILY = "1,2";
				TEST_HOST = "$(BUILT_PRODUCTS_DIR)/NexarLocationTest.app/NexarLocationTest";
			};
			name = Release;
		};
		44FD285F2796CE38008E2F67 /* Debug */ = {
			isa = XCBuildConfiguration;
			buildSettings = {
				ALWAYS_EMBED_SWIFT_STANDARD_LIBRARIES = YES;
				CODE_SIGN_STYLE = Automatic;
				CURRENT_PROJECT_VERSION = 1;
				DEVELOPMENT_TEAM = 6G6XD32457;
				GENERATE_INFOPLIST_FILE = YES;
				LD_RUNPATH_SEARCH_PATHS = (
					"$(inherited)",
					"@executable_path/Frameworks",
					"@loader_path/Frameworks",
				);
				MARKETING_VERSION = 1.0;
				PRODUCT_BUNDLE_IDENTIFIER = rst.com.NexarLocationTestUITests;
				PRODUCT_NAME = "$(TARGET_NAME)";
				SWIFT_EMIT_LOC_STRINGS = NO;
				SWIFT_VERSION = 5.0;
				TARGETED_DEVICE_FAMILY = "1,2";
				TEST_TARGET_NAME = NexarLocationTest;
			};
			name = Debug;
		};
		44FD28602796CE38008E2F67 /* Release */ = {
			isa = XCBuildConfiguration;
			buildSettings = {
				ALWAYS_EMBED_SWIFT_STANDARD_LIBRARIES = YES;
				CODE_SIGN_STYLE = Automatic;
				CURRENT_PROJECT_VERSION = 1;
				DEVELOPMENT_TEAM = 6G6XD32457;
				GENERATE_INFOPLIST_FILE = YES;
				LD_RUNPATH_SEARCH_PATHS = (
					"$(inherited)",
					"@executable_path/Frameworks",
					"@loader_path/Frameworks",
				);
				MARKETING_VERSION = 1.0;
				PRODUCT_BUNDLE_IDENTIFIER = rst.com.NexarLocationTestUITests;
				PRODUCT_NAME = "$(TARGET_NAME)";
				SWIFT_EMIT_LOC_STRINGS = NO;
				SWIFT_VERSION = 5.0;
				TARGETED_DEVICE_FAMILY = "1,2";
				TEST_TARGET_NAME = NexarLocationTest;
			};
			name = Release;
		};
/* End XCBuildConfiguration section */

/* Begin XCConfigurationList section */
		44FD28292796CE33008E2F67 /* Build configuration list for PBXProject "NexarLocationTest" */ = {
			isa = XCConfigurationList;
			buildConfigurations = (
				44FD28562796CE38008E2F67 /* Debug */,
				44FD28572796CE38008E2F67 /* Release */,
			);
			defaultConfigurationIsVisible = 0;
			defaultConfigurationName = Release;
		};
		44FD28582796CE38008E2F67 /* Build configuration list for PBXNativeTarget "NexarLocationTest" */ = {
			isa = XCConfigurationList;
			buildConfigurations = (
				44FD28592796CE38008E2F67 /* Debug */,
				44FD285A2796CE38008E2F67 /* Release */,
			);
			defaultConfigurationIsVisible = 0;
			defaultConfigurationName = Release;
		};
		44FD285B2796CE38008E2F67 /* Build configuration list for PBXNativeTarget "NexarLocationTestTests" */ = {
			isa = XCConfigurationList;
			buildConfigurations = (
				44FD285C2796CE38008E2F67 /* Debug */,
				44FD285D2796CE38008E2F67 /* Release */,
			);
			defaultConfigurationIsVisible = 0;
			defaultConfigurationName = Release;
		};
		44FD285E2796CE38008E2F67 /* Build configuration list for PBXNativeTarget "NexarLocationTestUITests" */ = {
			isa = XCConfigurationList;
			buildConfigurations = (
				44FD285F2796CE38008E2F67 /* Debug */,
				44FD28602796CE38008E2F67 /* Release */,
			);
			defaultConfigurationIsVisible = 0;
			defaultConfigurationName = Release;
		};
/* End XCConfigurationList section */
	};
	rootObject = 44FD28262796CE33008E2F67 /* Project object */;
}
